
Microsoft Visual Studio Solution File, Format Version 12.00
# Visual Studio Version 17
VisualStudioVersion = 17.12.35527.113
MinimumVisualStudioVersion = 10.0.40219.1
Project("{FAE04EC0-301F-11D3-BF4B-00C04F79EFBC}") = "FluentFunctionalCoding", "FluentFunctionalCoding\FluentFunctionalCoding.csproj", "{8BACF8F6-CDEE-43F8-941C-D88F8D79C235}"
EndProject
Project("{FAE04EC0-301F-11D3-BF4B-00C04F79EFBC}") = "FluentFunctionalCodingTest", "FluentFunctionalCodingTest\FluentFunctionalCodingTest.csproj", "{ADB40031-0C33-4897-B406-AA15AC27EB31}"
EndProject
Global
	GlobalSection(SolutionConfigurationPlatforms) = preSolution
		Debug|Any CPU = Debug|Any CPU
		Release|Any CPU = Release|Any CPU
	EndGlobalSection
	GlobalSection(ProjectConfigurationPlatforms) = postSolution
		{8BACF8F6-CDEE-43F8-941C-D88F8D79C235}.Debug|Any CPU.ActiveCfg = Debug|Any CPU
		{8BACF8F6-CDEE-43F8-941C-D88F8D79C235}.Debug|Any CPU.Build.0 = Debug|Any CPU
		{8BACF8F6-CDEE-43F8-941C-D88F8D79C235}.Release|Any CPU.ActiveCfg = Release|Any CPU
		{8BACF8F6-CDEE-43F8-941C-D88F8D79C235}.Release|Any CPU.Build.0 = Release|Any CPU
		{ADB40031-0C33-4897-B406-AA15AC27EB31}.Debug|Any CPU.ActiveCfg = Debug|Any CPU
		{ADB40031-0C33-4897-B406-AA15AC27EB31}.Debug|Any CPU.Build.0 = Debug|Any CPU
		{ADB40031-0C33-4897-B406-AA15AC27EB31}.Release|Any CPU.ActiveCfg = Release|Any CPU
		{ADB40031-0C33-4897-B406-AA15AC27EB31}.Release|Any CPU.Build.0 = Release|Any CPU
	EndGlobalSection
	GlobalSection(SolutionProperties) = preSolution
		HideSolutionNode = FALSE
	EndGlobalSection
	GlobalSection(ExtensibilityGlobals) = postSolution
		SolutionGuid = {415FB614-AE43-43CB-B292-F71472A16D20}
	EndGlobalSection
EndGlobal
