Microsoft Visual Studio Solution File, Format Version 12.00
# Visual Studio Version 17
VisualStudioVersion = 17.13.35913.81
MinimumVisualStudioVersion = 10.0.40219.1
Project("{FAE04EC0-301F-11D3-BF4B-00C04F79EFBC}") = "FluentFunctionalCodingTest", "FluentFunctionalCodingTest\FluentFunctionalCodingTest.csproj", "{A58B5761-8E54-86D2-5766-6621DD311CC3}"
EndProject
Project("{FAE04EC0-301F-11D3-BF4B-00C04F79EFBC}") = "FluentFunctionalCoding", "FluentFunctionalCoding\FluentFunctionalCoding.csproj", "{2817A2CA-B61A-0AB1-F473-D9A51B01C677}"
EndProject
Global
	GlobalSection(SolutionConfigurationPlatforms) = preSolution
		Debug|Any CPU = Debug|Any CPU
		Release|Any CPU = Release|Any CPU
	EndGlobalSection
	GlobalSection(ProjectConfigurationPlatforms) = postSolution
		{A58B5761-8E54-86D2-5766-6621DD311CC3}.Debug|Any CPU.ActiveCfg = Debug|Any CPU
		{A58B5761-8E54-86D2-5766-6621DD311CC3}.Debug|Any CPU.Build.0 = Debug|Any CPU
		{A58B5761-8E54-86D2-5766-6621DD311CC3}.Release|Any CPU.ActiveCfg = Release|Any CPU
		{A58B5761-8E54-86D2-5766-6621DD311CC3}.Release|Any CPU.Build.0 = Release|Any CPU
		{2817A2CA-B61A-0AB1-F473-D9A51B01C677}.Debug|Any CPU.ActiveCfg = Debug|Any CPU
		{2817A2CA-B61A-0AB1-F473-D9A51B01C677}.Debug|Any CPU.Build.0 = Debug|Any CPU
		{2817A2CA-B61A-0AB1-F473-D9A51B01C677}.Release|Any CPU.ActiveCfg = Release|Any CPU
		{2817A2CA-B61A-0AB1-F473-D9A51B01C677}.Release|Any CPU.Build.0 = Release|Any CPU
	EndGlobalSection
	GlobalSection(SolutionProperties) = preSolution
		HideSolutionNode = FALSE
	EndGlobalSection
	GlobalSection(ExtensibilityGlobals) = postSolution
		SolutionGuid = {1BCA9753-33C7-49EE-9377-342FAA70E75A}
	EndGlobalSection
EndGlobal
